
Microsoft Visual Studio Solution File, Format Version 12.00
# Visual Studio Version 17
VisualStudioVersion = 17.4.33205.214
MinimumVisualStudioVersion = 10.0.40219.1
Project("{888888A0-9F3D-457C-B088-3A5042F75D52}") = "Vigadeolsing", "Vigadeolsing.pyproj", "{4D9AB018-F541-40F6-80B6-2C3726FD96A4}"
EndProject
Global
	GlobalSection(SolutionConfigurationPlatforms) = preSolution
		Debug|Any CPU = Debug|Any CPU
		Release|Any CPU = Release|Any CPU
	EndGlobalSection
	GlobalSection(ProjectConfigurationPlatforms) = postSolution
		{4D9AB018-F541-40F6-80B6-2C3726FD96A4}.Debug|Any CPU.ActiveCfg = Debug|Any CPU
		{4D9AB018-F541-40F6-80B6-2C3726FD96A4}.Release|Any CPU.ActiveCfg = Release|Any CPU
	EndGlobalSection
	GlobalSection(SolutionProperties) = preSolution
		HideSolutionNode = FALSE
	EndGlobalSection
	GlobalSection(ExtensibilityGlobals) = postSolution
		SolutionGuid = {F0446280-0538-4BBB-ACDE-80EAFAD1DB95}
	EndGlobalSection
EndGlobal
